
Microsoft Visual Studio Solution File, Format Version 12.00
# Visual Studio Version 17
VisualStudioVersion = 17.5.002.0
MinimumVisualStudioVersion = 10.0.40219.1
Project("{9A19103F-16F7-4668-BE54-9A1E7A4F7556}") = "c#Exercisee3", "c#Exercisee3.csproj", "{A9F6EFF5-1294-4097-ABB4-685733959979}"
EndProject
Global
	GlobalSection(SolutionConfigurationPlatforms) = preSolution
		Debug|Any CPU = Debug|Any CPU
		Release|Any CPU = Release|Any CPU
	EndGlobalSection
	GlobalSection(ProjectConfigurationPlatforms) = postSolution
		{A9F6EFF5-1294-4097-ABB4-685733959979}.Debug|Any CPU.ActiveCfg = Debug|Any CPU
		{A9F6EFF5-1294-4097-ABB4-685733959979}.Debug|Any CPU.Build.0 = Debug|Any CPU
		{A9F6EFF5-1294-4097-ABB4-685733959979}.Release|Any CPU.ActiveCfg = Release|Any CPU
		{A9F6EFF5-1294-4097-ABB4-685733959979}.Release|Any CPU.Build.0 = Release|Any CPU
	EndGlobalSection
	GlobalSection(SolutionProperties) = preSolution
		HideSolutionNode = FALSE
	EndGlobalSection
	GlobalSection(ExtensibilityGlobals) = postSolution
		SolutionGuid = {363768F4-78B1-4E5B-ACBB-4680FD8B8FBD}
	EndGlobalSection
EndGlobal
