
Microsoft Visual Studio Solution File, Format Version 12.00
# Visual Studio Version 17
VisualStudioVersion = 17.5.002.0
MinimumVisualStudioVersion = 10.0.40219.1
Project("{9A19103F-16F7-4668-BE54-9A1E7A4F7556}") = "Exercise3Api", "Exercise3Api.csproj", "{05B84428-4C60-4DED-B54B-B420B606965D}"
EndProject
Global
	GlobalSection(SolutionConfigurationPlatforms) = preSolution
		Debug|Any CPU = Debug|Any CPU
		Release|Any CPU = Release|Any CPU
	EndGlobalSection
	GlobalSection(ProjectConfigurationPlatforms) = postSolution
		{05B84428-4C60-4DED-B54B-B420B606965D}.Debug|Any CPU.ActiveCfg = Debug|Any CPU
		{05B84428-4C60-4DED-B54B-B420B606965D}.Debug|Any CPU.Build.0 = Debug|Any CPU
		{05B84428-4C60-4DED-B54B-B420B606965D}.Release|Any CPU.ActiveCfg = Release|Any CPU
		{05B84428-4C60-4DED-B54B-B420B606965D}.Release|Any CPU.Build.0 = Release|Any CPU
	EndGlobalSection
	GlobalSection(SolutionProperties) = preSolution
		HideSolutionNode = FALSE
	EndGlobalSection
	GlobalSection(ExtensibilityGlobals) = postSolution
		SolutionGuid = {783E9472-AA05-4033-997A-17A1D9EDE767}
	EndGlobalSection
EndGlobal
